// !$*UTF8*$!
{
	archiveVersion = 1;
	classes = {
	};
	objectVersion = 56;
	objects = {

/* Begin PBXBuildFile section */
		BD006F4C2C120AB200193D38 /* FactoryObservableVC.swift in Sources */ = {isa = PBXBuildFile; fileRef = BD006F4B2C120AB200193D38 /* FactoryObservableVC.swift */; };
		BD006F4E2C120D0200193D38 /* TraitsVC.swift in Sources */ = {isa = PBXBuildFile; fileRef = BD006F4D2C120D0200193D38 /* TraitsVC.swift */; };
		BD006F512C120F1700193D38 /* Blah.txt in Resources */ = {isa = PBXBuildFile; fileRef = BD006F502C120F1700193D38 /* Blah.txt */; };
		BD17D56B2BD654AC00794232 /* TestCollectionViewCell.xib in Resources */ = {isa = PBXBuildFile; fileRef = BD17D5692BD654AC00794232 /* TestCollectionViewCell.xib */; };
		BD51A7B52BD61AEB00106A31 /* AppDelegate.swift in Sources */ = {isa = PBXBuildFile; fileRef = BD51A7B42BD61AEB00106A31 /* AppDelegate.swift */; };
		BD51A7B72BD61AEB00106A31 /* SceneDelegate.swift in Sources */ = {isa = PBXBuildFile; fileRef = BD51A7B62BD61AEB00106A31 /* SceneDelegate.swift */; };
		BD51A7B92BD61AEB00106A31 /* HubViewController.swift in Sources */ = {isa = PBXBuildFile; fileRef = BD51A7B82BD61AEB00106A31 /* HubViewController.swift */; };
		BD51A7BC2BD61AEB00106A31 /* Base in Resources */ = {isa = PBXBuildFile; fileRef = BD51A7BB2BD61AEB00106A31 /* Base */; };
		BD51A7BE2BD61AEC00106A31 /* Assets.xcassets in Resources */ = {isa = PBXBuildFile; fileRef = BD51A7BD2BD61AEC00106A31 /* Assets.xcassets */; };
		BD51A7C12BD61AEC00106A31 /* Base in Resources */ = {isa = PBXBuildFile; fileRef = BD51A7C02BD61AEC00106A31 /* Base */; };
		BD51A7CC2BD61AED00106A31 /* JumbleBundleTests.swift in Sources */ = {isa = PBXBuildFile; fileRef = BD51A7CB2BD61AED00106A31 /* JumbleBundleTests.swift */; };
		BD51A7D62BD61AED00106A31 /* JumbleBundleUITests.swift in Sources */ = {isa = PBXBuildFile; fileRef = BD51A7D52BD61AED00106A31 /* JumbleBundleUITests.swift */; };
		BD51A7D82BD61AED00106A31 /* JumbleBundleUITestsLaunchTests.swift in Sources */ = {isa = PBXBuildFile; fileRef = BD51A7D72BD61AED00106A31 /* JumbleBundleUITestsLaunchTests.swift */; };
		BD6A52E62C15CACF00CD7781 /* RxSwiftCoordinator.swift in Sources */ = {isa = PBXBuildFile; fileRef = BD6A52E52C15CACF00CD7781 /* RxSwiftCoordinator.swift */; };
		BD6A52E82C15CD6000CD7781 /* MainCoordinator.swift in Sources */ = {isa = PBXBuildFile; fileRef = BD6A52E72C15CD6000CD7781 /* MainCoordinator.swift */; };
		BD6D47142C1584E80028E812 /* Coordinator.swift in Sources */ = {isa = PBXBuildFile; fileRef = BD6D47132C1584E80028E812 /* Coordinator.swift */; };
		BD7714632C0D835900E30EBB /* RxSwiftTableviewVC.swift in Sources */ = {isa = PBXBuildFile; fileRef = BD7714622C0D835900E30EBB /* RxSwiftTableviewVC.swift */; };
		BD7714652C0D839E00E30EBB /* VCData.swift in Sources */ = {isa = PBXBuildFile; fileRef = BD7714642C0D839E00E30EBB /* VCData.swift */; };
		BD7714672C0D84B800E30EBB /* RxObservingObservablesVC.swift in Sources */ = {isa = PBXBuildFile; fileRef = BD7714662C0D84B800E30EBB /* RxObservingObservablesVC.swift */; };
		BD77146A2C0D8D9200E30EBB /* MainVC + tableview Ext.swift in Sources */ = {isa = PBXBuildFile; fileRef = BD7714692C0D8D9200E30EBB /* MainVC + tableview Ext.swift */; };
		BD77146F2C0D900700E30EBB /* RxSwift in Frameworks */ = {isa = PBXBuildFile; productRef = BD77146E2C0D900700E30EBB /* RxSwift */; };
		BD8621A92C1356B60020D073 /* CleanArchVC.swift in Sources */ = {isa = PBXBuildFile; fileRef = BD8621A82C1356B60020D073 /* CleanArchVC.swift */; };
		BD8621AB2C1357110020D073 /* CleanArchitectureTableView.swift in Sources */ = {isa = PBXBuildFile; fileRef = BD8621AA2C1357110020D073 /* CleanArchitectureTableView.swift */; };
		BD8621AE2C135B2E0020D073 /* UserEntity.swift in Sources */ = {isa = PBXBuildFile; fileRef = BD8621AD2C135B2E0020D073 /* UserEntity.swift */; };
		BD8621B02C135B4C0020D073 /* CreateUserUsecase.swift in Sources */ = {isa = PBXBuildFile; fileRef = BD8621AF2C135B4C0020D073 /* CreateUserUsecase.swift */; };
		BD89F05C2BD6278000C26AAC /* MainVC.swift in Sources */ = {isa = PBXBuildFile; fileRef = BD89F05B2BD6278000C26AAC /* MainVC.swift */; };
		BD89F0612BD62D2D00C26AAC /* TestCollectionViewCell.swift in Sources */ = {isa = PBXBuildFile; fileRef = BD89F05F2BD62D2D00C26AAC /* TestCollectionViewCell.swift */; };
		BDAE42D52C1006830031EB5B /* RxSwift + Ext.swift in Sources */ = {isa = PBXBuildFile; fileRef = BDAE42D42C1006830031EB5B /* RxSwift + Ext.swift */; };
/* End PBXBuildFile section */

/* Begin PBXContainerItemProxy section */
		BD51A7C82BD61AED00106A31 /* PBXContainerItemProxy */ = {
			isa = PBXContainerItemProxy;
			containerPortal = BD51A7A92BD61AEB00106A31 /* Project object */;
			proxyType = 1;
			remoteGlobalIDString = BD51A7B02BD61AEB00106A31;
			remoteInfo = JumbleBundle;
		};
		BD51A7D22BD61AED00106A31 /* PBXContainerItemProxy */ = {
			isa = PBXContainerItemProxy;
			containerPortal = BD51A7A92BD61AEB00106A31 /* Project object */;
			proxyType = 1;
			remoteGlobalIDString = BD51A7B02BD61AEB00106A31;
			remoteInfo = JumbleBundle;
		};
/* End PBXContainerItemProxy section */

/* Begin PBXFileReference section */
		BD006F4B2C120AB200193D38 /* FactoryObservableVC.swift */ = {isa = PBXFileReference; lastKnownFileType = sourcecode.swift; path = FactoryObservableVC.swift; sourceTree = "<group>"; };
		BD006F4D2C120D0200193D38 /* TraitsVC.swift */ = {isa = PBXFileReference; lastKnownFileType = sourcecode.swift; path = TraitsVC.swift; sourceTree = "<group>"; };
		BD006F502C120F1700193D38 /* Blah.txt */ = {isa = PBXFileReference; fileEncoding = 4; lastKnownFileType = text; path = Blah.txt; sourceTree = "<group>"; };
		BD17D5692BD654AC00794232 /* TestCollectionViewCell.xib */ = {isa = PBXFileReference; lastKnownFileType = file.xib; path = TestCollectionViewCell.xib; sourceTree = "<group>"; };
		BD51A7B12BD61AEB00106A31 /* JumbleBundle.app */ = {isa = PBXFileReference; explicitFileType = wrapper.application; includeInIndex = 0; path = JumbleBundle.app; sourceTree = BUILT_PRODUCTS_DIR; };
		BD51A7B42BD61AEB00106A31 /* AppDelegate.swift */ = {isa = PBXFileReference; lastKnownFileType = sourcecode.swift; path = AppDelegate.swift; sourceTree = "<group>"; };
		BD51A7B62BD61AEB00106A31 /* SceneDelegate.swift */ = {isa = PBXFileReference; lastKnownFileType = sourcecode.swift; path = SceneDelegate.swift; sourceTree = "<group>"; };
		BD51A7B82BD61AEB00106A31 /* HubViewController.swift */ = {isa = PBXFileReference; lastKnownFileType = sourcecode.swift; path = HubViewController.swift; sourceTree = "<group>"; };
		BD51A7BB2BD61AEB00106A31 /* Base */ = {isa = PBXFileReference; lastKnownFileType = file.storyboard; name = Base; path = Base.lproj/Main.storyboard; sourceTree = "<group>"; };
		BD51A7BD2BD61AEC00106A31 /* Assets.xcassets */ = {isa = PBXFileReference; lastKnownFileType = folder.assetcatalog; path = Assets.xcassets; sourceTree = "<group>"; };
		BD51A7C02BD61AEC00106A31 /* Base */ = {isa = PBXFileReference; lastKnownFileType = file.storyboard; name = Base; path = Base.lproj/LaunchScreen.storyboard; sourceTree = "<group>"; };
		BD51A7C22BD61AEC00106A31 /* Info.plist */ = {isa = PBXFileReference; lastKnownFileType = text.plist.xml; path = Info.plist; sourceTree = "<group>"; };
		BD51A7C72BD61AED00106A31 /* JumbleBundleTests.xctest */ = {isa = PBXFileReference; explicitFileType = wrapper.cfbundle; includeInIndex = 0; path = JumbleBundleTests.xctest; sourceTree = BUILT_PRODUCTS_DIR; };
		BD51A7CB2BD61AED00106A31 /* JumbleBundleTests.swift */ = {isa = PBXFileReference; lastKnownFileType = sourcecode.swift; path = JumbleBundleTests.swift; sourceTree = "<group>"; };
		BD51A7D12BD61AED00106A31 /* JumbleBundleUITests.xctest */ = {isa = PBXFileReference; explicitFileType = wrapper.cfbundle; includeInIndex = 0; path = JumbleBundleUITests.xctest; sourceTree = BUILT_PRODUCTS_DIR; };
		BD51A7D52BD61AED00106A31 /* JumbleBundleUITests.swift */ = {isa = PBXFileReference; lastKnownFileType = sourcecode.swift; path = JumbleBundleUITests.swift; sourceTree = "<group>"; };
		BD51A7D72BD61AED00106A31 /* JumbleBundleUITestsLaunchTests.swift */ = {isa = PBXFileReference; lastKnownFileType = sourcecode.swift; path = JumbleBundleUITestsLaunchTests.swift; sourceTree = "<group>"; };
		BD6A52E52C15CACF00CD7781 /* RxSwiftCoordinator.swift */ = {isa = PBXFileReference; lastKnownFileType = sourcecode.swift; path = RxSwiftCoordinator.swift; sourceTree = "<group>"; };
		BD6A52E72C15CD6000CD7781 /* MainCoordinator.swift */ = {isa = PBXFileReference; lastKnownFileType = sourcecode.swift; path = MainCoordinator.swift; sourceTree = "<group>"; };
		BD6D47132C1584E80028E812 /* Coordinator.swift */ = {isa = PBXFileReference; lastKnownFileType = sourcecode.swift; path = Coordinator.swift; sourceTree = "<group>"; };
		BD7714622C0D835900E30EBB /* RxSwiftTableviewVC.swift */ = {isa = PBXFileReference; lastKnownFileType = sourcecode.swift; path = RxSwiftTableviewVC.swift; sourceTree = "<group>"; };
		BD7714642C0D839E00E30EBB /* VCData.swift */ = {isa = PBXFileReference; lastKnownFileType = sourcecode.swift; path = VCData.swift; sourceTree = "<group>"; };
		BD7714662C0D84B800E30EBB /* RxObservingObservablesVC.swift */ = {isa = PBXFileReference; lastKnownFileType = sourcecode.swift; path = RxObservingObservablesVC.swift; sourceTree = "<group>"; };
		BD7714692C0D8D9200E30EBB /* MainVC + tableview Ext.swift */ = {isa = PBXFileReference; lastKnownFileType = sourcecode.swift; path = "MainVC + tableview Ext.swift"; sourceTree = "<group>"; };
		BD8621A82C1356B60020D073 /* CleanArchVC.swift */ = {isa = PBXFileReference; lastKnownFileType = sourcecode.swift; path = CleanArchVC.swift; sourceTree = "<group>"; };
		BD8621AA2C1357110020D073 /* CleanArchitectureTableView.swift */ = {isa = PBXFileReference; lastKnownFileType = sourcecode.swift; path = CleanArchitectureTableView.swift; sourceTree = "<group>"; };
		BD8621AD2C135B2E0020D073 /* UserEntity.swift */ = {isa = PBXFileReference; lastKnownFileType = sourcecode.swift; path = UserEntity.swift; sourceTree = "<group>"; };
		BD8621AF2C135B4C0020D073 /* CreateUserUsecase.swift */ = {isa = PBXFileReference; lastKnownFileType = sourcecode.swift; path = CreateUserUsecase.swift; sourceTree = "<group>"; };
		BD89F05B2BD6278000C26AAC /* MainVC.swift */ = {isa = PBXFileReference; lastKnownFileType = sourcecode.swift; path = MainVC.swift; sourceTree = "<group>"; };
		BD89F05F2BD62D2D00C26AAC /* TestCollectionViewCell.swift */ = {isa = PBXFileReference; lastKnownFileType = sourcecode.swift; path = TestCollectionViewCell.swift; sourceTree = "<group>"; };
		BDAE42D42C1006830031EB5B /* RxSwift + Ext.swift */ = {isa = PBXFileReference; lastKnownFileType = sourcecode.swift; path = "RxSwift + Ext.swift"; sourceTree = "<group>"; };
/* End PBXFileReference section */

/* Begin PBXFrameworksBuildPhase section */
		BD51A7AE2BD61AEB00106A31 /* Frameworks */ = {
			isa = PBXFrameworksBuildPhase;
			buildActionMask = 2147483647;
			files = (
				BD77146F2C0D900700E30EBB /* RxSwift in Frameworks */,
			);
			runOnlyForDeploymentPostprocessing = 0;
		};
		BD51A7C42BD61AED00106A31 /* Frameworks */ = {
			isa = PBXFrameworksBuildPhase;
			buildActionMask = 2147483647;
			files = (
			);
			runOnlyForDeploymentPostprocessing = 0;
		};
		BD51A7CE2BD61AED00106A31 /* Frameworks */ = {
			isa = PBXFrameworksBuildPhase;
			buildActionMask = 2147483647;
			files = (
			);
			runOnlyForDeploymentPostprocessing = 0;
		};
/* End PBXFrameworksBuildPhase section */

/* Begin PBXGroup section */
		BD006F4F2C120EE300193D38 /* Resources */ = {
			isa = PBXGroup;
			children = (
				BD51A7BA2BD61AEB00106A31 /* Main.storyboard */,
				BD51A7BD2BD61AEC00106A31 /* Assets.xcassets */,
				BD51A7BF2BD61AEC00106A31 /* LaunchScreen.storyboard */,
				BD51A7B42BD61AEB00106A31 /* AppDelegate.swift */,
				BD51A7B62BD61AEB00106A31 /* SceneDelegate.swift */,
				BD006F502C120F1700193D38 /* Blah.txt */,
			);
			path = Resources;
			sourceTree = "<group>";
		};
		BD51A7A82BD61AEB00106A31 = {
			isa = PBXGroup;
			children = (
				BD51A7B32BD61AEB00106A31 /* JumbleBundle */,
				BD51A7CA2BD61AED00106A31 /* JumbleBundleTests */,
				BD51A7D42BD61AED00106A31 /* JumbleBundleUITests */,
				BD51A7B22BD61AEB00106A31 /* Products */,
			);
			sourceTree = "<group>";
		};
		BD51A7B22BD61AEB00106A31 /* Products */ = {
			isa = PBXGroup;
			children = (
				BD51A7B12BD61AEB00106A31 /* JumbleBundle.app */,
				BD51A7C72BD61AED00106A31 /* JumbleBundleTests.xctest */,
				BD51A7D12BD61AED00106A31 /* JumbleBundleUITests.xctest */,
			);
			name = Products;
			sourceTree = "<group>";
		};
		BD51A7B32BD61AEB00106A31 /* JumbleBundle */ = {
			isa = PBXGroup;
			children = (
				BD6D47122C1584DD0028E812 /* Coordinator */,
				BD006F4F2C120EE300193D38 /* Resources */,
				BD77146B2C0D8E3500E30EBB /* Model */,
				BD89F0632BD6300700C26AAC /* View */,
				BD89F0642BD6301300C26AAC /* Screen */,
				BD51A7C22BD61AEC00106A31 /* Info.plist */,
			);
			path = JumbleBundle;
			sourceTree = "<group>";
		};
		BD51A7CA2BD61AED00106A31 /* JumbleBundleTests */ = {
			isa = PBXGroup;
			children = (
				BD51A7CB2BD61AED00106A31 /* JumbleBundleTests.swift */,
			);
			path = JumbleBundleTests;
			sourceTree = "<group>";
		};
		BD51A7D42BD61AED00106A31 /* JumbleBundleUITests */ = {
			isa = PBXGroup;
			children = (
				BD51A7D52BD61AED00106A31 /* JumbleBundleUITests.swift */,
				BD51A7D72BD61AED00106A31 /* JumbleBundleUITestsLaunchTests.swift */,
			);
			path = JumbleBundleUITests;
			sourceTree = "<group>";
		};
		BD6D47122C1584DD0028E812 /* Coordinator */ = {
			isa = PBXGroup;
			children = (
				BD6D47132C1584E80028E812 /* Coordinator.swift */,
				BD6A52E72C15CD6000CD7781 /* MainCoordinator.swift */,
				BD6A52E52C15CACF00CD7781 /* RxSwiftCoordinator.swift */,
			);
			path = Coordinator;
			sourceTree = "<group>";
		};
		BD7714682C0D8D4000E30EBB /* MainVC */ = {
			isa = PBXGroup;
			children = (
				BD89F05B2BD6278000C26AAC /* MainVC.swift */,
				BD7714692C0D8D9200E30EBB /* MainVC + tableview Ext.swift */,
			);
			path = MainVC;
			sourceTree = "<group>";
		};
		BD77146B2C0D8E3500E30EBB /* Model */ = {
			isa = PBXGroup;
			children = (
				BD7714642C0D839E00E30EBB /* VCData.swift */,
			);
			path = Model;
			sourceTree = "<group>";
		};
		BD77146C2C0D8E4A00E30EBB /* Tableview */ = {
			isa = PBXGroup;
			children = (
				BD7714622C0D835900E30EBB /* RxSwiftTableviewVC.swift */,
				BD8621AA2C1357110020D073 /* CleanArchitectureTableView.swift */,
			);
			path = Tableview;
			sourceTree = "<group>";
		};
		BD8621A72C1356A20020D073 /* CleanArchitecture */ = {
			isa = PBXGroup;
			children = (
				BD8621AC2C135B1B0020D073 /* Domain */,
				BD8621A82C1356B60020D073 /* CleanArchVC.swift */,
			);
			path = CleanArchitecture;
			sourceTree = "<group>";
		};
		BD8621AC2C135B1B0020D073 /* Domain */ = {
			isa = PBXGroup;
			children = (
				BD8621AD2C135B2E0020D073 /* UserEntity.swift */,
				BD8621AF2C135B4C0020D073 /* CreateUserUsecase.swift */,
			);
			path = Domain;
			sourceTree = "<group>";
		};
		BD89F0632BD6300700C26AAC /* View */ = {
			isa = PBXGroup;
			children = (
				BD89F05F2BD62D2D00C26AAC /* TestCollectionViewCell.swift */,
				BD17D5692BD654AC00794232 /* TestCollectionViewCell.xib */,
			);
			path = View;
			sourceTree = "<group>";
		};
		BD89F0642BD6301300C26AAC /* Screen */ = {
			isa = PBXGroup;
			children = (
				BD7714682C0D8D4000E30EBB /* MainVC */,
				BD77146C2C0D8E4A00E30EBB /* Tableview */,
				BDAE42D32C1006750031EB5B /* RxSwift */,
				BD8621A72C1356A20020D073 /* CleanArchitecture */,
				BD51A7B82BD61AEB00106A31 /* HubViewController.swift */,
			);
			path = Screen;
			sourceTree = "<group>";
		};
		BDAE42D32C1006750031EB5B /* RxSwift */ = {
			isa = PBXGroup;
			children = (
				BD7714662C0D84B800E30EBB /* RxObservingObservablesVC.swift */,
				BD006F4B2C120AB200193D38 /* FactoryObservableVC.swift */,
				BD006F4D2C120D0200193D38 /* TraitsVC.swift */,
				BDAE42D42C1006830031EB5B /* RxSwift + Ext.swift */,
			);
			path = RxSwift;
			sourceTree = "<group>";
		};
/* End PBXGroup section */

/* Begin PBXNativeTarget section */
		BD51A7B02BD61AEB00106A31 /* JumbleBundle */ = {
			isa = PBXNativeTarget;
			buildConfigurationList = BD51A7DB2BD61AED00106A31 /* Build configuration list for PBXNativeTarget "JumbleBundle" */;
			buildPhases = (
				BD51A7AD2BD61AEB00106A31 /* Sources */,
				BD51A7AE2BD61AEB00106A31 /* Frameworks */,
				BD51A7AF2BD61AEB00106A31 /* Resources */,
			);
			buildRules = (
			);
			dependencies = (
			);
			name = JumbleBundle;
			packageProductDependencies = (
				BD77146E2C0D900700E30EBB /* RxSwift */,
			);
			productName = JumbleBundle;
			productReference = BD51A7B12BD61AEB00106A31 /* JumbleBundle.app */;
			productType = "com.apple.product-type.application";
		};
		BD51A7C62BD61AED00106A31 /* JumbleBundleTests */ = {
			isa = PBXNativeTarget;
			buildConfigurationList = BD51A7DE2BD61AED00106A31 /* Build configuration list for PBXNativeTarget "JumbleBundleTests" */;
			buildPhases = (
				BD51A7C32BD61AED00106A31 /* Sources */,
				BD51A7C42BD61AED00106A31 /* Frameworks */,
				BD51A7C52BD61AED00106A31 /* Resources */,
			);
			buildRules = (
			);
			dependencies = (
				BD51A7C92BD61AED00106A31 /* PBXTargetDependency */,
			);
			name = JumbleBundleTests;
			productName = JumbleBundleTests;
			productReference = BD51A7C72BD61AED00106A31 /* JumbleBundleTests.xctest */;
			productType = "com.apple.product-type.bundle.unit-test";
		};
		BD51A7D02BD61AED00106A31 /* JumbleBundleUITests */ = {
			isa = PBXNativeTarget;
			buildConfigurationList = BD51A7E12BD61AED00106A31 /* Build configuration list for PBXNativeTarget "JumbleBundleUITests" */;
			buildPhases = (
				BD51A7CD2BD61AED00106A31 /* Sources */,
				BD51A7CE2BD61AED00106A31 /* Frameworks */,
				BD51A7CF2BD61AED00106A31 /* Resources */,
			);
			buildRules = (
			);
			dependencies = (
				BD51A7D32BD61AED00106A31 /* PBXTargetDependency */,
			);
			name = JumbleBundleUITests;
			productName = JumbleBundleUITests;
			productReference = BD51A7D12BD61AED00106A31 /* JumbleBundleUITests.xctest */;
			productType = "com.apple.product-type.bundle.ui-testing";
		};
/* End PBXNativeTarget section */

/* Begin PBXProject section */
		BD51A7A92BD61AEB00106A31 /* Project object */ = {
			isa = PBXProject;
			attributes = {
				BuildIndependentTargetsInParallel = 1;
				LastSwiftUpdateCheck = 1530;
				LastUpgradeCheck = 1530;
				TargetAttributes = {
					BD51A7B02BD61AEB00106A31 = {
						CreatedOnToolsVersion = 15.3;
					};
					BD51A7C62BD61AED00106A31 = {
						CreatedOnToolsVersion = 15.3;
						TestTargetID = BD51A7B02BD61AEB00106A31;
					};
					BD51A7D02BD61AED00106A31 = {
						CreatedOnToolsVersion = 15.3;
						TestTargetID = BD51A7B02BD61AEB00106A31;
					};
				};
			};
			buildConfigurationList = BD51A7AC2BD61AEB00106A31 /* Build configuration list for PBXProject "JumbleBundle" */;
			compatibilityVersion = "Xcode 14.0";
			developmentRegion = en;
			hasScannedForEncodings = 0;
			knownRegions = (
				en,
				Base,
			);
			mainGroup = BD51A7A82BD61AEB00106A31;
			packageReferences = (
				BD77146D2C0D900700E30EBB /* XCRemoteSwiftPackageReference "RxSwift" */,
			);
			productRefGroup = BD51A7B22BD61AEB00106A31 /* Products */;
			projectDirPath = "";
			projectRoot = "";
			targets = (
				BD51A7B02BD61AEB00106A31 /* JumbleBundle */,
				BD51A7C62BD61AED00106A31 /* JumbleBundleTests */,
				BD51A7D02BD61AED00106A31 /* JumbleBundleUITests */,
			);
		};
/* End PBXProject section */

/* Begin PBXResourcesBuildPhase section */
		BD51A7AF2BD61AEB00106A31 /* Resources */ = {
			isa = PBXResourcesBuildPhase;
			buildActionMask = 2147483647;
			files = (
				BD006F512C120F1700193D38 /* Blah.txt in Resources */,
				BD51A7BE2BD61AEC00106A31 /* Assets.xcassets in Resources */,
				BD51A7C12BD61AEC00106A31 /* Base in Resources */,
				BD17D56B2BD654AC00794232 /* TestCollectionViewCell.xib in Resources */,
				BD51A7BC2BD61AEB00106A31 /* Base in Resources */,
			);
			runOnlyForDeploymentPostprocessing = 0;
		};
		BD51A7C52BD61AED00106A31 /* Resources */ = {
			isa = PBXResourcesBuildPhase;
			buildActionMask = 2147483647;
			files = (
			);
			runOnlyForDeploymentPostprocessing = 0;
		};
		BD51A7CF2BD61AED00106A31 /* Resources */ = {
			isa = PBXResourcesBuildPhase;
			buildActionMask = 2147483647;
			files = (
			);
			runOnlyForDeploymentPostprocessing = 0;
		};
/* End PBXResourcesBuildPhase section */

/* Begin PBXSourcesBuildPhase section */
		BD51A7AD2BD61AEB00106A31 /* Sources */ = {
			isa = PBXSourcesBuildPhase;
			buildActionMask = 2147483647;
			files = (
				BD6D47142C1584E80028E812 /* Coordinator.swift in Sources */,
				BD89F0612BD62D2D00C26AAC /* TestCollectionViewCell.swift in Sources */,
				BD006F4C2C120AB200193D38 /* FactoryObservableVC.swift in Sources */,
				BD7714632C0D835900E30EBB /* RxSwiftTableviewVC.swift in Sources */,
				BD7714652C0D839E00E30EBB /* VCData.swift in Sources */,
				BD7714672C0D84B800E30EBB /* RxObservingObservablesVC.swift in Sources */,
				BD89F05C2BD6278000C26AAC /* MainVC.swift in Sources */,
				BD51A7B92BD61AEB00106A31 /* HubViewController.swift in Sources */,
				BD77146A2C0D8D9200E30EBB /* MainVC + tableview Ext.swift in Sources */,
				BD8621A92C1356B60020D073 /* CleanArchVC.swift in Sources */,
				BDAE42D52C1006830031EB5B /* RxSwift + Ext.swift in Sources */,
				BD8621AB2C1357110020D073 /* CleanArchitectureTableView.swift in Sources */,
				BD6A52E62C15CACF00CD7781 /* RxSwiftCoordinator.swift in Sources */,
				BD006F4E2C120D0200193D38 /* TraitsVC.swift in Sources */,
				BD6A52E82C15CD6000CD7781 /* MainCoordinator.swift in Sources */,
				BD51A7B52BD61AEB00106A31 /* AppDelegate.swift in Sources */,
				BD8621AE2C135B2E0020D073 /* UserEntity.swift in Sources */,
				BD8621B02C135B4C0020D073 /* CreateUserUsecase.swift in Sources */,
				BD51A7B72BD61AEB00106A31 /* SceneDelegate.swift in Sources */,
			);
			runOnlyForDeploymentPostprocessing = 0;
		};
		BD51A7C32BD61AED00106A31 /* Sources */ = {
			isa = PBXSourcesBuildPhase;
			buildActionMask = 2147483647;
			files = (
				BD51A7CC2BD61AED00106A31 /* JumbleBundleTests.swift in Sources */,
			);
			runOnlyForDeploymentPostprocessing = 0;
		};
		BD51A7CD2BD61AED00106A31 /* Sources */ = {
			isa = PBXSourcesBuildPhase;
			buildActionMask = 2147483647;
			files = (
				BD51A7D62BD61AED00106A31 /* JumbleBundleUITests.swift in Sources */,
				BD51A7D82BD61AED00106A31 /* JumbleBundleUITestsLaunchTests.swift in Sources */,
			);
			runOnlyForDeploymentPostprocessing = 0;
		};
/* End PBXSourcesBuildPhase section */

/* Begin PBXTargetDependency section */
		BD51A7C92BD61AED00106A31 /* PBXTargetDependency */ = {
			isa = PBXTargetDependency;
			target = BD51A7B02BD61AEB00106A31 /* JumbleBundle */;
			targetProxy = BD51A7C82BD61AED00106A31 /* PBXContainerItemProxy */;
		};
		BD51A7D32BD61AED00106A31 /* PBXTargetDependency */ = {
			isa = PBXTargetDependency;
			target = BD51A7B02BD61AEB00106A31 /* JumbleBundle */;
			targetProxy = BD51A7D22BD61AED00106A31 /* PBXContainerItemProxy */;
		};
/* End PBXTargetDependency section */

/* Begin PBXVariantGroup section */
		BD51A7BA2BD61AEB00106A31 /* Main.storyboard */ = {
			isa = PBXVariantGroup;
			children = (
				BD51A7BB2BD61AEB00106A31 /* Base */,
			);
			name = Main.storyboard;
			sourceTree = "<group>";
		};
		BD51A7BF2BD61AEC00106A31 /* LaunchScreen.storyboard */ = {
			isa = PBXVariantGroup;
			children = (
				BD51A7C02BD61AEC00106A31 /* Base */,
			);
			name = LaunchScreen.storyboard;
			sourceTree = "<group>";
		};
/* End PBXVariantGroup section */

/* Begin XCBuildConfiguration section */
		BD51A7D92BD61AED00106A31 /* Debug */ = {
			isa = XCBuildConfiguration;
			buildSettings = {
				ALWAYS_SEARCH_USER_PATHS = NO;
				ASSETCATALOG_COMPILER_GENERATE_SWIFT_ASSET_SYMBOL_EXTENSIONS = YES;
				CLANG_ANALYZER_NONNULL = YES;
				CLANG_ANALYZER_NUMBER_OBJECT_CONVERSION = YES_AGGRESSIVE;
				CLANG_CXX_LANGUAGE_STANDARD = "gnu++20";
				CLANG_ENABLE_MODULES = YES;
				CLANG_ENABLE_OBJC_ARC = YES;
				CLANG_ENABLE_OBJC_WEAK = YES;
				CLANG_WARN_BLOCK_CAPTURE_AUTORELEASING = YES;
				CLANG_WARN_BOOL_CONVERSION = YES;
				CLANG_WARN_COMMA = YES;
				CLANG_WARN_CONSTANT_CONVERSION = YES;
				CLANG_WARN_DEPRECATED_OBJC_IMPLEMENTATIONS = YES;
				CLANG_WARN_DIRECT_OBJC_ISA_USAGE = YES_ERROR;
				CLANG_WARN_DOCUMENTATION_COMMENTS = YES;
				CLANG_WARN_EMPTY_BODY = YES;
				CLANG_WARN_ENUM_CONVERSION = YES;
				CLANG_WARN_INFINITE_RECURSION = YES;
				CLANG_WARN_INT_CONVERSION = YES;
				CLANG_WARN_NON_LITERAL_NULL_CONVERSION = YES;
				CLANG_WARN_OBJC_IMPLICIT_RETAIN_SELF = YES;
				CLANG_WARN_OBJC_LITERAL_CONVERSION = YES;
				CLANG_WARN_OBJC_ROOT_CLASS = YES_ERROR;
				CLANG_WARN_QUOTED_INCLUDE_IN_FRAMEWORK_HEADER = YES;
				CLANG_WARN_RANGE_LOOP_ANALYSIS = YES;
				CLANG_WARN_STRICT_PROTOTYPES = YES;
				CLANG_WARN_SUSPICIOUS_MOVE = YES;
				CLANG_WARN_UNGUARDED_AVAILABILITY = YES_AGGRESSIVE;
				CLANG_WARN_UNREACHABLE_CODE = YES;
				CLANG_WARN__DUPLICATE_METHOD_MATCH = YES;
				COPY_PHASE_STRIP = NO;
				DEBUG_INFORMATION_FORMAT = dwarf;
				ENABLE_STRICT_OBJC_MSGSEND = YES;
				ENABLE_TESTABILITY = YES;
				ENABLE_USER_SCRIPT_SANDBOXING = YES;
				GCC_C_LANGUAGE_STANDARD = gnu17;
				GCC_DYNAMIC_NO_PIC = NO;
				GCC_NO_COMMON_BLOCKS = YES;
				GCC_OPTIMIZATION_LEVEL = 0;
				GCC_PREPROCESSOR_DEFINITIONS = (
					"DEBUG=1",
					"$(inherited)",
				);
				GCC_WARN_64_TO_32_BIT_CONVERSION = YES;
				GCC_WARN_ABOUT_RETURN_TYPE = YES_ERROR;
				GCC_WARN_UNDECLARED_SELECTOR = YES;
				GCC_WARN_UNINITIALIZED_AUTOS = YES_AGGRESSIVE;
				GCC_WARN_UNUSED_FUNCTION = YES;
				GCC_WARN_UNUSED_VARIABLE = YES;
				IPHONEOS_DEPLOYMENT_TARGET = 17.4;
				LOCALIZATION_PREFERS_STRING_CATALOGS = YES;
				MTL_ENABLE_DEBUG_INFO = INCLUDE_SOURCE;
				MTL_FAST_MATH = YES;
				ONLY_ACTIVE_ARCH = YES;
				SDKROOT = iphoneos;
				SWIFT_ACTIVE_COMPILATION_CONDITIONS = "DEBUG $(inherited)";
				SWIFT_OPTIMIZATION_LEVEL = "-Onone";
			};
			name = Debug;
		};
		BD51A7DA2BD61AED00106A31 /* Release */ = {
			isa = XCBuildConfiguration;
			buildSettings = {
				ALWAYS_SEARCH_USER_PATHS = NO;
				ASSETCATALOG_COMPILER_GENERATE_SWIFT_ASSET_SYMBOL_EXTENSIONS = YES;
				CLANG_ANALYZER_NONNULL = YES;
				CLANG_ANALYZER_NUMBER_OBJECT_CONVERSION = YES_AGGRESSIVE;
				CLANG_CXX_LANGUAGE_STANDARD = "gnu++20";
				CLANG_ENABLE_MODULES = YES;
				CLANG_ENABLE_OBJC_ARC = YES;
				CLANG_ENABLE_OBJC_WEAK = YES;
				CLANG_WARN_BLOCK_CAPTURE_AUTORELEASING = YES;
				CLANG_WARN_BOOL_CONVERSION = YES;
				CLANG_WARN_COMMA = YES;
				CLANG_WARN_CONSTANT_CONVERSION = YES;
				CLANG_WARN_DEPRECATED_OBJC_IMPLEMENTATIONS = YES;
				CLANG_WARN_DIRECT_OBJC_ISA_USAGE = YES_ERROR;
				CLANG_WARN_DOCUMENTATION_COMMENTS = YES;
				CLANG_WARN_EMPTY_BODY = YES;
				CLANG_WARN_ENUM_CONVERSION = YES;
				CLANG_WARN_INFINITE_RECURSION = YES;
				CLANG_WARN_INT_CONVERSION = YES;
				CLANG_WARN_NON_LITERAL_NULL_CONVERSION = YES;
				CLANG_WARN_OBJC_IMPLICIT_RETAIN_SELF = YES;
				CLANG_WARN_OBJC_LITERAL_CONVERSION = YES;
				CLANG_WARN_OBJC_ROOT_CLASS = YES_ERROR;
				CLANG_WARN_QUOTED_INCLUDE_IN_FRAMEWORK_HEADER = YES;
				CLANG_WARN_RANGE_LOOP_ANALYSIS = YES;
				CLANG_WARN_STRICT_PROTOTYPES = YES;
				CLANG_WARN_SUSPICIOUS_MOVE = YES;
				CLANG_WARN_UNGUARDED_AVAILABILITY = YES_AGGRESSIVE;
				CLANG_WARN_UNREACHABLE_CODE = YES;
				CLANG_WARN__DUPLICATE_METHOD_MATCH = YES;
				COPY_PHASE_STRIP = NO;
				DEBUG_INFORMATION_FORMAT = "dwarf-with-dsym";
				ENABLE_NS_ASSERTIONS = NO;
				ENABLE_STRICT_OBJC_MSGSEND = YES;
				ENABLE_USER_SCRIPT_SANDBOXING = YES;
				GCC_C_LANGUAGE_STANDARD = gnu17;
				GCC_NO_COMMON_BLOCKS = YES;
				GCC_WARN_64_TO_32_BIT_CONVERSION = YES;
				GCC_WARN_ABOUT_RETURN_TYPE = YES_ERROR;
				GCC_WARN_UNDECLARED_SELECTOR = YES;
				GCC_WARN_UNINITIALIZED_AUTOS = YES_AGGRESSIVE;
				GCC_WARN_UNUSED_FUNCTION = YES;
				GCC_WARN_UNUSED_VARIABLE = YES;
				IPHONEOS_DEPLOYMENT_TARGET = 17.4;
				LOCALIZATION_PREFERS_STRING_CATALOGS = YES;
				MTL_ENABLE_DEBUG_INFO = NO;
				MTL_FAST_MATH = YES;
				SDKROOT = iphoneos;
				SWIFT_COMPILATION_MODE = wholemodule;
				VALIDATE_PRODUCT = YES;
			};
			name = Release;
		};
		BD51A7DC2BD61AED00106A31 /* Debug */ = {
			isa = XCBuildConfiguration;
			buildSettings = {
				ASSETCATALOG_COMPILER_APPICON_NAME = AppIcon;
				ASSETCATALOG_COMPILER_GLOBAL_ACCENT_COLOR_NAME = AccentColor;
				CODE_SIGN_STYLE = Automatic;
				CURRENT_PROJECT_VERSION = 1;
				DEVELOPMENT_TEAM = 2U86LHQK8Q;
				GENERATE_INFOPLIST_FILE = YES;
				INFOPLIST_FILE = JumbleBundle/Info.plist;
				INFOPLIST_KEY_UIApplicationSupportsIndirectInputEvents = YES;
				INFOPLIST_KEY_UILaunchStoryboardName = LaunchScreen;
				INFOPLIST_KEY_UIMainStoryboardFile = Main;
				INFOPLIST_KEY_UISupportedInterfaceOrientations_iPad = "UIInterfaceOrientationPortrait UIInterfaceOrientationPortraitUpsideDown UIInterfaceOrientationLandscapeLeft UIInterfaceOrientationLandscapeRight";
				INFOPLIST_KEY_UISupportedInterfaceOrientations_iPhone = "UIInterfaceOrientationPortrait UIInterfaceOrientationLandscapeLeft UIInterfaceOrientationLandscapeRight";
				LD_RUNPATH_SEARCH_PATHS = (
					"$(inherited)",
					"@executable_path/Frameworks",
				);
				MARKETING_VERSION = 1.0;
				PRODUCT_BUNDLE_IDENTIFIER = com.jack.lee.JumbleBundle;
				PRODUCT_NAME = "$(TARGET_NAME)";
				SUPPORTED_PLATFORMS = "iphoneos iphonesimulator";
				SUPPORTS_MACCATALYST = NO;
				SUPPORTS_XR_DESIGNED_FOR_IPHONE_IPAD = NO;
				SWIFT_EMIT_LOC_STRINGS = YES;
				SWIFT_VERSION = 5.0;
				TARGETED_DEVICE_FAMILY = "1,2";
			};
			name = Debug;
		};
		BD51A7DD2BD61AED00106A31 /* Release */ = {
			isa = XCBuildConfiguration;
			buildSettings = {
				ASSETCATALOG_COMPILER_APPICON_NAME = AppIcon;
				ASSETCATALOG_COMPILER_GLOBAL_ACCENT_COLOR_NAME = AccentColor;
				CODE_SIGN_STYLE = Automatic;
				CURRENT_PROJECT_VERSION = 1;
				DEVELOPMENT_TEAM = 2U86LHQK8Q;
				GENERATE_INFOPLIST_FILE = YES;
				INFOPLIST_FILE = JumbleBundle/Info.plist;
				INFOPLIST_KEY_UIApplicationSupportsIndirectInputEvents = YES;
				INFOPLIST_KEY_UILaunchStoryboardName = LaunchScreen;
				INFOPLIST_KEY_UIMainStoryboardFile = Main;
				INFOPLIST_KEY_UISupportedInterfaceOrientations_iPad = "UIInterfaceOrientationPortrait UIInterfaceOrientationPortraitUpsideDown UIInterfaceOrientationLandscapeLeft UIInterfaceOrientationLandscapeRight";
				INFOPLIST_KEY_UISupportedInterfaceOrientations_iPhone = "UIInterfaceOrientationPortrait UIInterfaceOrientationLandscapeLeft UIInterfaceOrientationLandscapeRight";
				LD_RUNPATH_SEARCH_PATHS = (
					"$(inherited)",
					"@executable_path/Frameworks",
				);
				MARKETING_VERSION = 1.0;
				PRODUCT_BUNDLE_IDENTIFIER = com.jack.lee.JumbleBundle;
				PRODUCT_NAME = "$(TARGET_NAME)";
				SUPPORTED_PLATFORMS = "iphoneos iphonesimulator";
				SUPPORTS_MACCATALYST = NO;
				SUPPORTS_XR_DESIGNED_FOR_IPHONE_IPAD = NO;
				SWIFT_EMIT_LOC_STRINGS = YES;
				SWIFT_VERSION = 5.0;
				TARGETED_DEVICE_FAMILY = "1,2";
			};
			name = Release;
		};
		BD51A7DF2BD61AED00106A31 /* Debug */ = {
			isa = XCBuildConfiguration;
			buildSettings = {
				ALWAYS_EMBED_SWIFT_STANDARD_LIBRARIES = YES;
				BUNDLE_LOADER = "$(TEST_HOST)";
				CODE_SIGN_STYLE = Automatic;
				CURRENT_PROJECT_VERSION = 1;
				DEVELOPMENT_TEAM = 2U86LHQK8Q;
				GENERATE_INFOPLIST_FILE = YES;
				IPHONEOS_DEPLOYMENT_TARGET = 17.4;
				MARKETING_VERSION = 1.0;
				PRODUCT_BUNDLE_IDENTIFIER = com.jack.lee.JumbleBundleTests;
				PRODUCT_NAME = "$(TARGET_NAME)";
				SWIFT_EMIT_LOC_STRINGS = NO;
				SWIFT_VERSION = 5.0;
				TARGETED_DEVICE_FAMILY = "1,2";
				TEST_HOST = "$(BUILT_PRODUCTS_DIR)/JumbleBundle.app/$(BUNDLE_EXECUTABLE_FOLDER_PATH)/JumbleBundle";
			};
			name = Debug;
		};
		BD51A7E02BD61AED00106A31 /* Release */ = {
			isa = XCBuildConfiguration;
			buildSettings = {
				ALWAYS_EMBED_SWIFT_STANDARD_LIBRARIES = YES;
				BUNDLE_LOADER = "$(TEST_HOST)";
				CODE_SIGN_STYLE = Automatic;
				CURRENT_PROJECT_VERSION = 1;
				DEVELOPMENT_TEAM = 2U86LHQK8Q;
				GENERATE_INFOPLIST_FILE = YES;
				IPHONEOS_DEPLOYMENT_TARGET = 17.4;
				MARKETING_VERSION = 1.0;
				PRODUCT_BUNDLE_IDENTIFIER = com.jack.lee.JumbleBundleTests;
				PRODUCT_NAME = "$(TARGET_NAME)";
				SWIFT_EMIT_LOC_STRINGS = NO;
				SWIFT_VERSION = 5.0;
				TARGETED_DEVICE_FAMILY = "1,2";
				TEST_HOST = "$(BUILT_PRODUCTS_DIR)/JumbleBundle.app/$(BUNDLE_EXECUTABLE_FOLDER_PATH)/JumbleBundle";
			};
			name = Release;
		};
		BD51A7E22BD61AED00106A31 /* Debug */ = {
			isa = XCBuildConfiguration;
			buildSettings = {
				ALWAYS_EMBED_SWIFT_STANDARD_LIBRARIES = YES;
				CODE_SIGN_STYLE = Automatic;
				CURRENT_PROJECT_VERSION = 1;
				DEVELOPMENT_TEAM = 2U86LHQK8Q;
				GENERATE_INFOPLIST_FILE = YES;
				MARKETING_VERSION = 1.0;
				PRODUCT_BUNDLE_IDENTIFIER = com.jack.lee.JumbleBundleUITests;
				PRODUCT_NAME = "$(TARGET_NAME)";
				SWIFT_EMIT_LOC_STRINGS = NO;
				SWIFT_VERSION = 5.0;
				TARGETED_DEVICE_FAMILY = "1,2";
				TEST_TARGET_NAME = JumbleBundle;
			};
			name = Debug;
		};
		BD51A7E32BD61AED00106A31 /* Release */ = {
			isa = XCBuildConfiguration;
			buildSettings = {
				ALWAYS_EMBED_SWIFT_STANDARD_LIBRARIES = YES;
				CODE_SIGN_STYLE = Automatic;
				CURRENT_PROJECT_VERSION = 1;
				DEVELOPMENT_TEAM = 2U86LHQK8Q;
				GENERATE_INFOPLIST_FILE = YES;
				MARKETING_VERSION = 1.0;
				PRODUCT_BUNDLE_IDENTIFIER = com.jack.lee.JumbleBundleUITests;
				PRODUCT_NAME = "$(TARGET_NAME)";
				SWIFT_EMIT_LOC_STRINGS = NO;
				SWIFT_VERSION = 5.0;
				TARGETED_DEVICE_FAMILY = "1,2";
				TEST_TARGET_NAME = JumbleBundle;
			};
			name = Release;
		};
/* End XCBuildConfiguration section */

/* Begin XCConfigurationList section */
		BD51A7AC2BD61AEB00106A31 /* Build configuration list for PBXProject "JumbleBundle" */ = {
			isa = XCConfigurationList;
			buildConfigurations = (
				BD51A7D92BD61AED00106A31 /* Debug */,
				BD51A7DA2BD61AED00106A31 /* Release */,
			);
			defaultConfigurationIsVisible = 0;
			defaultConfigurationName = Release;
		};
		BD51A7DB2BD61AED00106A31 /* Build configuration list for PBXNativeTarget "JumbleBundle" */ = {
			isa = XCConfigurationList;
			buildConfigurations = (
				BD51A7DC2BD61AED00106A31 /* Debug */,
				BD51A7DD2BD61AED00106A31 /* Release */,
			);
			defaultConfigurationIsVisible = 0;
			defaultConfigurationName = Release;
		};
		BD51A7DE2BD61AED00106A31 /* Build configuration list for PBXNativeTarget "JumbleBundleTests" */ = {
			isa = XCConfigurationList;
			buildConfigurations = (
				BD51A7DF2BD61AED00106A31 /* Debug */,
				BD51A7E02BD61AED00106A31 /* Release */,
			);
			defaultConfigurationIsVisible = 0;
			defaultConfigurationName = Release;
		};
		BD51A7E12BD61AED00106A31 /* Build configuration list for PBXNativeTarget "JumbleBundleUITests" */ = {
			isa = XCConfigurationList;
			buildConfigurations = (
				BD51A7E22BD61AED00106A31 /* Debug */,
				BD51A7E32BD61AED00106A31 /* Release */,
			);
			defaultConfigurationIsVisible = 0;
			defaultConfigurationName = Release;
		};
/* End XCConfigurationList section */

/* Begin XCRemoteSwiftPackageReference section */
		BD77146D2C0D900700E30EBB /* XCRemoteSwiftPackageReference "RxSwift" */ = {
			isa = XCRemoteSwiftPackageReference;
			repositoryURL = "https://github.com/ReactiveX/RxSwift.git";
			requirement = {
				kind = upToNextMajorVersion;
				minimumVersion = 6.7.1;
			};
		};
/* End XCRemoteSwiftPackageReference section */

/* Begin XCSwiftPackageProductDependency section */
		BD77146E2C0D900700E30EBB /* RxSwift */ = {
			isa = XCSwiftPackageProductDependency;
			package = BD77146D2C0D900700E30EBB /* XCRemoteSwiftPackageReference "RxSwift" */;
			productName = RxSwift;
		};
/* End XCSwiftPackageProductDependency section */
	};
	rootObject = BD51A7A92BD61AEB00106A31 /* Project object */;
}
